
Microsoft Visual Studio Solution File, Format Version 12.00
# Visual Studio Version 16
VisualStudioVersion = 16.0.31702.278
MinimumVisualStudioVersion = 10.0.40219.1
Project("{888888A0-9F3D-457C-B088-3A5042F75D52}") = "PythonApplication1-ATBSWP", "PythonApplication1-ATBSWP\PythonApplication1-ATBSWP.pyproj", "{E6A3B55B-C936-4D59-B732-033D9D8191F4}"
EndProject
Global
	GlobalSection(SolutionConfigurationPlatforms) = preSolution
		Debug|Any CPU = Debug|Any CPU
		Release|Any CPU = Release|Any CPU
	EndGlobalSection
	GlobalSection(ProjectConfigurationPlatforms) = postSolution
		{E6A3B55B-C936-4D59-B732-033D9D8191F4}.Debug|Any CPU.ActiveCfg = Debug|Any CPU
		{E6A3B55B-C936-4D59-B732-033D9D8191F4}.Release|Any CPU.ActiveCfg = Release|Any CPU
	EndGlobalSection
	GlobalSection(SolutionProperties) = preSolution
		HideSolutionNode = FALSE
	EndGlobalSection
	GlobalSection(ExtensibilityGlobals) = postSolution
		SolutionGuid = {D50571AA-6866-45CF-86C6-0AF32EB6A3A3}
	EndGlobalSection
EndGlobal
